// !$*UTF8*$!
{
	archiveVersion = 1;
	classes = {
	};
	objectVersion = 56;
	objects = {

/* Begin PBXBuildFile section */
		3402025C2B29741200AD348A /* SceneDelegate.swift in Sources */ = {isa = PBXBuildFile; fileRef = 3402025B2B29741200AD348A /* SceneDelegate.swift */; };
		34174CB82A7FEE81003A41D0 /* Nest in Frameworks */ = {isa = PBXBuildFile; productRef = 34174CB72A7FEE81003A41D0 /* Nest */; };
		34174CD82A7FF0DF003A41D0 /* WidgetKit.framework in Frameworks */ = {isa = PBXBuildFile; fileRef = 34A15CD82A792A8D006736AB /* WidgetKit.framework */; };
		34174CD92A7FF0DF003A41D0 /* SwiftUI.framework in Frameworks */ = {isa = PBXBuildFile; fileRef = 34A15CDA2A792A8D006736AB /* SwiftUI.framework */; };
		34174CDE2A7FF0DF003A41D0 /* NestWidgetLiveActivity.swift in Sources */ = {isa = PBXBuildFile; fileRef = 34174CDD2A7FF0DF003A41D0 /* NestWidgetLiveActivity.swift */; };
		34174CE02A7FF0DF003A41D0 /* NestWidget.swift in Sources */ = {isa = PBXBuildFile; fileRef = 34174CDF2A7FF0DF003A41D0 /* NestWidget.swift */; };
		34174CE22A7FF0DF003A41D0 /* AppIntent.swift in Sources */ = {isa = PBXBuildFile; fileRef = 34174CE12A7FF0DF003A41D0 /* AppIntent.swift */; };
		34174CE82A7FF0E1003A41D0 /* NestWidgetExtension.appex in Embed Foundation Extensions */ = {isa = PBXBuildFile; fileRef = 34174CD72A7FF0DF003A41D0 /* NestWidgetExtension.appex */; settings = {ATTRIBUTES = (RemoveHeadersOnCopy, ); }; };
		34174CED2A7FF156003A41D0 /* WidgetBundle.swift in Sources */ = {isa = PBXBuildFile; fileRef = 34174CEC2A7FF156003A41D0 /* WidgetBundle.swift */; };
		34174CF12A7FF29F003A41D0 /* Assets.xcassets in Resources */ = {isa = PBXBuildFile; fileRef = 34174CF02A7FF29F003A41D0 /* Assets.xcassets */; };
		344514F12A77F2B90023C68D /* SwiftNestApp.swift in Sources */ = {isa = PBXBuildFile; fileRef = 344514F02A77F2B90023C68D /* SwiftNestApp.swift */; };
		344514F32A77F2B90023C68D /* ContentView.swift in Sources */ = {isa = PBXBuildFile; fileRef = 344514F22A77F2B90023C68D /* ContentView.swift */; };
		344514F52A77F2BC0023C68D /* Assets.xcassets in Resources */ = {isa = PBXBuildFile; fileRef = 344514F42A77F2BC0023C68D /* Assets.xcassets */; };
		344514F82A77F2BC0023C68D /* Preview Assets.xcassets in Resources */ = {isa = PBXBuildFile; fileRef = 344514F72A77F2BC0023C68D /* Preview Assets.xcassets */; };
		344515022A77F2BC0023C68D /* SwiftNestTests.swift in Sources */ = {isa = PBXBuildFile; fileRef = 344515012A77F2BC0023C68D /* SwiftNestTests.swift */; };
		3445150C2A77F2BC0023C68D /* SwiftNestUITests.swift in Sources */ = {isa = PBXBuildFile; fileRef = 3445150B2A77F2BC0023C68D /* SwiftNestUITests.swift */; };
		3445150E2A77F2BC0023C68D /* SwiftNestUITestsLaunchTests.swift in Sources */ = {isa = PBXBuildFile; fileRef = 3445150D2A77F2BC0023C68D /* SwiftNestUITestsLaunchTests.swift */; };
		3480D7892AAEA69C0050431A /* SampleWidget.swift in Sources */ = {isa = PBXBuildFile; fileRef = 3480D7882AAEA69C0050431A /* SampleWidget.swift */; };
		34916A8B2AB18C620054F78A /* WidgetSource in Frameworks */ = {isa = PBXBuildFile; productRef = 34916A8A2AB18C620054F78A /* WidgetSource */; };
/* End PBXBuildFile section */

/* Begin PBXContainerItemProxy section */
		34174CE62A7FF0E1003A41D0 /* PBXContainerItemProxy */ = {
			isa = PBXContainerItemProxy;
			containerPortal = 344514E52A77F2B90023C68D /* Project object */;
			proxyType = 1;
			remoteGlobalIDString = 34174CD62A7FF0DF003A41D0;
			remoteInfo = NestWidgetExtension;
		};
		344514FE2A77F2BC0023C68D /* PBXContainerItemProxy */ = {
			isa = PBXContainerItemProxy;
			containerPortal = 344514E52A77F2B90023C68D /* Project object */;
			proxyType = 1;
			remoteGlobalIDString = 344514EC2A77F2B90023C68D;
			remoteInfo = SwiftNest;
		};
		344515082A77F2BC0023C68D /* PBXContainerItemProxy */ = {
			isa = PBXContainerItemProxy;
			containerPortal = 344514E52A77F2B90023C68D /* Project object */;
			proxyType = 1;
			remoteGlobalIDString = 344514EC2A77F2B90023C68D;
			remoteInfo = SwiftNest;
		};
/* End PBXContainerItemProxy section */

/* Begin PBXCopyFilesBuildPhase section */
		34A15CEE2A792A8F006736AB /* Embed Foundation Extensions */ = {
			isa = PBXCopyFilesBuildPhase;
			buildActionMask = 2147483647;
			dstPath = "";
			dstSubfolderSpec = 13;
			files = (
				34174CE82A7FF0E1003A41D0 /* NestWidgetExtension.appex in Embed Foundation Extensions */,
			);
			name = "Embed Foundation Extensions";
			runOnlyForDeploymentPostprocessing = 0;
		};
/* End PBXCopyFilesBuildPhase section */

/* Begin PBXFileReference section */
		3402025B2B29741200AD348A /* SceneDelegate.swift */ = {isa = PBXFileReference; lastKnownFileType = sourcecode.swift; path = SceneDelegate.swift; sourceTree = "<group>"; };
		3402025D2B29765700AD348A /* Info.plist */ = {isa = PBXFileReference; lastKnownFileType = text.plist; path = Info.plist; sourceTree = "<group>"; };
		34174CD72A7FF0DF003A41D0 /* NestWidgetExtension.appex */ = {isa = PBXFileReference; explicitFileType = "wrapper.app-extension"; includeInIndex = 0; path = NestWidgetExtension.appex; sourceTree = BUILT_PRODUCTS_DIR; };
		34174CDD2A7FF0DF003A41D0 /* NestWidgetLiveActivity.swift */ = {isa = PBXFileReference; lastKnownFileType = sourcecode.swift; path = NestWidgetLiveActivity.swift; sourceTree = "<group>"; };
		34174CDF2A7FF0DF003A41D0 /* NestWidget.swift */ = {isa = PBXFileReference; lastKnownFileType = sourcecode.swift; path = NestWidget.swift; sourceTree = "<group>"; };
		34174CE12A7FF0DF003A41D0 /* AppIntent.swift */ = {isa = PBXFileReference; lastKnownFileType = sourcecode.swift; path = AppIntent.swift; sourceTree = "<group>"; };
		34174CE52A7FF0E1003A41D0 /* Info.plist */ = {isa = PBXFileReference; lastKnownFileType = text.plist.xml; path = Info.plist; sourceTree = "<group>"; };
		34174CEC2A7FF156003A41D0 /* WidgetBundle.swift */ = {isa = PBXFileReference; lastKnownFileType = sourcecode.swift; path = WidgetBundle.swift; sourceTree = "<group>"; };
		34174CF02A7FF29F003A41D0 /* Assets.xcassets */ = {isa = PBXFileReference; lastKnownFileType = folder.assetcatalog; path = Assets.xcassets; sourceTree = "<group>"; };
		344514ED2A77F2B90023C68D /* SwiftNest.app */ = {isa = PBXFileReference; explicitFileType = wrapper.application; includeInIndex = 0; path = SwiftNest.app; sourceTree = BUILT_PRODUCTS_DIR; };
		344514F02A77F2B90023C68D /* SwiftNestApp.swift */ = {isa = PBXFileReference; lastKnownFileType = sourcecode.swift; path = SwiftNestApp.swift; sourceTree = "<group>"; };
		344514F22A77F2B90023C68D /* ContentView.swift */ = {isa = PBXFileReference; lastKnownFileType = sourcecode.swift; path = ContentView.swift; sourceTree = "<group>"; };
		344514F42A77F2BC0023C68D /* Assets.xcassets */ = {isa = PBXFileReference; lastKnownFileType = folder.assetcatalog; path = Assets.xcassets; sourceTree = "<group>"; };
		344514F72A77F2BC0023C68D /* Preview Assets.xcassets */ = {isa = PBXFileReference; lastKnownFileType = folder.assetcatalog; path = "Preview Assets.xcassets"; sourceTree = "<group>"; };
		344514FD2A77F2BC0023C68D /* SwiftNestTests.xctest */ = {isa = PBXFileReference; explicitFileType = wrapper.cfbundle; includeInIndex = 0; path = SwiftNestTests.xctest; sourceTree = BUILT_PRODUCTS_DIR; };
		344515012A77F2BC0023C68D /* SwiftNestTests.swift */ = {isa = PBXFileReference; lastKnownFileType = sourcecode.swift; path = SwiftNestTests.swift; sourceTree = "<group>"; };
		344515072A77F2BC0023C68D /* SwiftNestUITests.xctest */ = {isa = PBXFileReference; explicitFileType = wrapper.cfbundle; includeInIndex = 0; path = SwiftNestUITests.xctest; sourceTree = BUILT_PRODUCTS_DIR; };
		3445150B2A77F2BC0023C68D /* SwiftNestUITests.swift */ = {isa = PBXFileReference; lastKnownFileType = sourcecode.swift; path = SwiftNestUITests.swift; sourceTree = "<group>"; };
		3445150D2A77F2BC0023C68D /* SwiftNestUITestsLaunchTests.swift */ = {isa = PBXFileReference; lastKnownFileType = sourcecode.swift; path = SwiftNestUITestsLaunchTests.swift; sourceTree = "<group>"; };
		3480D7882AAEA69C0050431A /* SampleWidget.swift */ = {isa = PBXFileReference; lastKnownFileType = sourcecode.swift; path = SampleWidget.swift; sourceTree = "<group>"; };
		34A15CD82A792A8D006736AB /* WidgetKit.framework */ = {isa = PBXFileReference; lastKnownFileType = wrapper.framework; name = WidgetKit.framework; path = System/Library/Frameworks/WidgetKit.framework; sourceTree = SDKROOT; };
		34A15CDA2A792A8D006736AB /* SwiftUI.framework */ = {isa = PBXFileReference; lastKnownFileType = wrapper.framework; name = SwiftUI.framework; path = System/Library/Frameworks/SwiftUI.framework; sourceTree = SDKROOT; };
/* End PBXFileReference section */

/* Begin PBXFrameworksBuildPhase section */
		34174CD42A7FF0DF003A41D0 /* Frameworks */ = {
			isa = PBXFrameworksBuildPhase;
			buildActionMask = 2147483647;
			files = (
				34916A8B2AB18C620054F78A /* WidgetSource in Frameworks */,
				34174CD92A7FF0DF003A41D0 /* SwiftUI.framework in Frameworks */,
				34174CD82A7FF0DF003A41D0 /* WidgetKit.framework in Frameworks */,
			);
			runOnlyForDeploymentPostprocessing = 0;
		};
		344514EA2A77F2B90023C68D /* Frameworks */ = {
			isa = PBXFrameworksBuildPhase;
			buildActionMask = 2147483647;
			files = (
				34174CB82A7FEE81003A41D0 /* Nest in Frameworks */,
			);
			runOnlyForDeploymentPostprocessing = 0;
		};
		344514FA2A77F2BC0023C68D /* Frameworks */ = {
			isa = PBXFrameworksBuildPhase;
			buildActionMask = 2147483647;
			files = (
			);
			runOnlyForDeploymentPostprocessing = 0;
		};
		344515042A77F2BC0023C68D /* Frameworks */ = {
			isa = PBXFrameworksBuildPhase;
			buildActionMask = 2147483647;
			files = (
			);
			runOnlyForDeploymentPostprocessing = 0;
		};
/* End PBXFrameworksBuildPhase section */

/* Begin PBXGroup section */
		34174CDA2A7FF0DF003A41D0 /* NestWidget */ = {
			isa = PBXGroup;
			children = (
				34174CEC2A7FF156003A41D0 /* WidgetBundle.swift */,
				34174CDF2A7FF0DF003A41D0 /* NestWidget.swift */,
				34174CDD2A7FF0DF003A41D0 /* NestWidgetLiveActivity.swift */,
				34174CE12A7FF0DF003A41D0 /* AppIntent.swift */,
				34174CE52A7FF0E1003A41D0 /* Info.plist */,
				34174CF02A7FF29F003A41D0 /* Assets.xcassets */,
				3480D7882AAEA69C0050431A /* SampleWidget.swift */,
			);
			path = NestWidget;
			sourceTree = "<group>";
		};
		344514E42A77F2B90023C68D = {
			isa = PBXGroup;
			children = (
				344514EF2A77F2B90023C68D /* SwiftNest */,
				344515002A77F2BC0023C68D /* SwiftNestTests */,
				3445150A2A77F2BC0023C68D /* SwiftNestUITests */,
				34174CDA2A7FF0DF003A41D0 /* NestWidget */,
				344514EE2A77F2B90023C68D /* Products */,
				34A15CD02A7928FA006736AB /* Frameworks */,
			);
			sourceTree = "<group>";
		};
		344514EE2A77F2B90023C68D /* Products */ = {
			isa = PBXGroup;
			children = (
				344514ED2A77F2B90023C68D /* SwiftNest.app */,
				344514FD2A77F2BC0023C68D /* SwiftNestTests.xctest */,
				344515072A77F2BC0023C68D /* SwiftNestUITests.xctest */,
				34174CD72A7FF0DF003A41D0 /* NestWidgetExtension.appex */,
			);
			name = Products;
			sourceTree = "<group>";
		};
		344514EF2A77F2B90023C68D /* SwiftNest */ = {
			isa = PBXGroup;
			children = (
				3402025D2B29765700AD348A /* Info.plist */,
				3402025B2B29741200AD348A /* SceneDelegate.swift */,
				344514F02A77F2B90023C68D /* SwiftNestApp.swift */,
				344514F22A77F2B90023C68D /* ContentView.swift */,
				344514F42A77F2BC0023C68D /* Assets.xcassets */,
				344514F62A77F2BC0023C68D /* Preview Content */,
			);
			path = SwiftNest;
			sourceTree = "<group>";
		};
		344514F62A77F2BC0023C68D /* Preview Content */ = {
			isa = PBXGroup;
			children = (
				344514F72A77F2BC0023C68D /* Preview Assets.xcassets */,
			);
			path = "Preview Content";
			sourceTree = "<group>";
		};
		344515002A77F2BC0023C68D /* SwiftNestTests */ = {
			isa = PBXGroup;
			children = (
				344515012A77F2BC0023C68D /* SwiftNestTests.swift */,
			);
			path = SwiftNestTests;
			sourceTree = "<group>";
		};
		3445150A2A77F2BC0023C68D /* SwiftNestUITests */ = {
			isa = PBXGroup;
			children = (
				3445150B2A77F2BC0023C68D /* SwiftNestUITests.swift */,
				3445150D2A77F2BC0023C68D /* SwiftNestUITestsLaunchTests.swift */,
			);
			path = SwiftNestUITests;
			sourceTree = "<group>";
		};
		34A15CD02A7928FA006736AB /* Frameworks */ = {
			isa = PBXGroup;
			children = (
				34A15CD82A792A8D006736AB /* WidgetKit.framework */,
				34A15CDA2A792A8D006736AB /* SwiftUI.framework */,
			);
			name = Frameworks;
			sourceTree = "<group>";
		};
/* End PBXGroup section */

/* Begin PBXNativeTarget section */
		34174CD62A7FF0DF003A41D0 /* NestWidgetExtension */ = {
			isa = PBXNativeTarget;
			buildConfigurationList = 34174CEB2A7FF0E1003A41D0 /* Build configuration list for PBXNativeTarget "NestWidgetExtension" */;
			buildPhases = (
				34174CD32A7FF0DF003A41D0 /* Sources */,
				34174CD42A7FF0DF003A41D0 /* Frameworks */,
				34174CD52A7FF0DF003A41D0 /* Resources */,
			);
			buildRules = (
			);
			dependencies = (
			);
			name = NestWidgetExtension;
			packageProductDependencies = (
				34916A8A2AB18C620054F78A /* WidgetSource */,
			);
			productName = NestWidgetExtension;
			productReference = 34174CD72A7FF0DF003A41D0 /* NestWidgetExtension.appex */;
			productType = "com.apple.product-type.app-extension";
		};
		344514EC2A77F2B90023C68D /* SwiftNest */ = {
			isa = PBXNativeTarget;
			buildConfigurationList = 344515112A77F2BC0023C68D /* Build configuration list for PBXNativeTarget "SwiftNest" */;
			buildPhases = (
				344514E92A77F2B90023C68D /* Sources */,
				344514EA2A77F2B90023C68D /* Frameworks */,
				344514EB2A77F2B90023C68D /* Resources */,
				34A15CEE2A792A8F006736AB /* Embed Foundation Extensions */,
			);
			buildRules = (
			);
			dependencies = (
				34174CE72A7FF0E1003A41D0 /* PBXTargetDependency */,
			);
			name = SwiftNest;
			packageProductDependencies = (
				34174CB72A7FEE81003A41D0 /* Nest */,
			);
			productName = SwiftNest;
			productReference = 344514ED2A77F2B90023C68D /* SwiftNest.app */;
			productType = "com.apple.product-type.application";
		};
		344514FC2A77F2BC0023C68D /* SwiftNestTests */ = {
			isa = PBXNativeTarget;
			buildConfigurationList = 344515142A77F2BC0023C68D /* Build configuration list for PBXNativeTarget "SwiftNestTests" */;
			buildPhases = (
				344514F92A77F2BC0023C68D /* Sources */,
				344514FA2A77F2BC0023C68D /* Frameworks */,
				344514FB2A77F2BC0023C68D /* Resources */,
			);
			buildRules = (
			);
			dependencies = (
				344514FF2A77F2BC0023C68D /* PBXTargetDependency */,
			);
			name = SwiftNestTests;
			productName = SwiftNestTests;
			productReference = 344514FD2A77F2BC0023C68D /* SwiftNestTests.xctest */;
			productType = "com.apple.product-type.bundle.unit-test";
		};
		344515062A77F2BC0023C68D /* SwiftNestUITests */ = {
			isa = PBXNativeTarget;
			buildConfigurationList = 344515172A77F2BC0023C68D /* Build configuration list for PBXNativeTarget "SwiftNestUITests" */;
			buildPhases = (
				344515032A77F2BC0023C68D /* Sources */,
				344515042A77F2BC0023C68D /* Frameworks */,
				344515052A77F2BC0023C68D /* Resources */,
			);
			buildRules = (
			);
			dependencies = (
				344515092A77F2BC0023C68D /* PBXTargetDependency */,
			);
			name = SwiftNestUITests;
			productName = SwiftNestUITests;
			productReference = 344515072A77F2BC0023C68D /* SwiftNestUITests.xctest */;
			productType = "com.apple.product-type.bundle.ui-testing";
		};
/* End PBXNativeTarget section */

/* Begin PBXProject section */
		344514E52A77F2B90023C68D /* Project object */ = {
			isa = PBXProject;
			attributes = {
				BuildIndependentTargetsInParallel = 1;
				LastSwiftUpdateCheck = 1500;
				LastUpgradeCheck = 1500;
				TargetAttributes = {
					34174CD62A7FF0DF003A41D0 = {
						CreatedOnToolsVersion = 15.0;
					};
					344514EC2A77F2B90023C68D = {
						CreatedOnToolsVersion = 15.0;
					};
					344514FC2A77F2BC0023C68D = {
						CreatedOnToolsVersion = 15.0;
						TestTargetID = 344514EC2A77F2B90023C68D;
					};
					344515062A77F2BC0023C68D = {
						CreatedOnToolsVersion = 15.0;
						TestTargetID = 344514EC2A77F2B90023C68D;
					};
				};
			};
			buildConfigurationList = 344514E82A77F2B90023C68D /* Build configuration list for PBXProject "SwiftNest" */;
			compatibilityVersion = "Xcode 14.0";
			developmentRegion = en;
			hasScannedForEncodings = 0;
			knownRegions = (
				en,
				Base,
			);
			mainGroup = 344514E42A77F2B90023C68D;
			productRefGroup = 344514EE2A77F2B90023C68D /* Products */;
			projectDirPath = "";
			projectRoot = "";
			targets = (
				344514EC2A77F2B90023C68D /* SwiftNest */,
				344514FC2A77F2BC0023C68D /* SwiftNestTests */,
				344515062A77F2BC0023C68D /* SwiftNestUITests */,
				34174CD62A7FF0DF003A41D0 /* NestWidgetExtension */,
			);
		};
/* End PBXProject section */

/* Begin PBXResourcesBuildPhase section */
		34174CD52A7FF0DF003A41D0 /* Resources */ = {
			isa = PBXResourcesBuildPhase;
			buildActionMask = 2147483647;
			files = (
				34174CF12A7FF29F003A41D0 /* Assets.xcassets in Resources */,
			);
			runOnlyForDeploymentPostprocessing = 0;
		};
		344514EB2A77F2B90023C68D /* Resources */ = {
			isa = PBXResourcesBuildPhase;
			buildActionMask = 2147483647;
			files = (
				344514F82A77F2BC0023C68D /* Preview Assets.xcassets in Resources */,
				344514F52A77F2BC0023C68D /* Assets.xcassets in Resources */,
			);
			runOnlyForDeploymentPostprocessing = 0;
		};
		344514FB2A77F2BC0023C68D /* Resources */ = {
			isa = PBXResourcesBuildPhase;
			buildActionMask = 2147483647;
			files = (
			);
			runOnlyForDeploymentPostprocessing = 0;
		};
		344515052A77F2BC0023C68D /* Resources */ = {
			isa = PBXResourcesBuildPhase;
			buildActionMask = 2147483647;
			files = (
			);
			runOnlyForDeploymentPostprocessing = 0;
		};
/* End PBXResourcesBuildPhase section */

/* Begin PBXSourcesBuildPhase section */
		34174CD32A7FF0DF003A41D0 /* Sources */ = {
			isa = PBXSourcesBuildPhase;
			buildActionMask = 2147483647;
			files = (
				34174CE02A7FF0DF003A41D0 /* NestWidget.swift in Sources */,
				3480D7892AAEA69C0050431A /* SampleWidget.swift in Sources */,
				34174CED2A7FF156003A41D0 /* WidgetBundle.swift in Sources */,
				34174CE22A7FF0DF003A41D0 /* AppIntent.swift in Sources */,
				34174CDE2A7FF0DF003A41D0 /* NestWidgetLiveActivity.swift in Sources */,
			);
			runOnlyForDeploymentPostprocessing = 0;
		};
		344514E92A77F2B90023C68D /* Sources */ = {
			isa = PBXSourcesBuildPhase;
			buildActionMask = 2147483647;
			files = (
				344514F32A77F2B90023C68D /* ContentView.swift in Sources */,
				344514F12A77F2B90023C68D /* SwiftNestApp.swift in Sources */,
				3402025C2B29741200AD348A /* SceneDelegate.swift in Sources */,
			);
			runOnlyForDeploymentPostprocessing = 0;
		};
		344514F92A77F2BC0023C68D /* Sources */ = {
			isa = PBXSourcesBuildPhase;
			buildActionMask = 2147483647;
			files = (
				344515022A77F2BC0023C68D /* SwiftNestTests.swift in Sources */,
			);
			runOnlyForDeploymentPostprocessing = 0;
		};
		344515032A77F2BC0023C68D /* Sources */ = {
			isa = PBXSourcesBuildPhase;
			buildActionMask = 2147483647;
			files = (
				3445150E2A77F2BC0023C68D /* SwiftNestUITestsLaunchTests.swift in Sources */,
				3445150C2A77F2BC0023C68D /* SwiftNestUITests.swift in Sources */,
			);
			runOnlyForDeploymentPostprocessing = 0;
		};
/* End PBXSourcesBuildPhase section */

/* Begin PBXTargetDependency section */
		34174CE72A7FF0E1003A41D0 /* PBXTargetDependency */ = {
			isa = PBXTargetDependency;
			target = 34174CD62A7FF0DF003A41D0 /* NestWidgetExtension */;
			targetProxy = 34174CE62A7FF0E1003A41D0 /* PBXContainerItemProxy */;
		};
		344514FF2A77F2BC0023C68D /* PBXTargetDependency */ = {
			isa = PBXTargetDependency;
			target = 344514EC2A77F2B90023C68D /* SwiftNest */;
			targetProxy = 344514FE2A77F2BC0023C68D /* PBXContainerItemProxy */;
		};
		344515092A77F2BC0023C68D /* PBXTargetDependency */ = {
			isa = PBXTargetDependency;
			target = 344514EC2A77F2B90023C68D /* SwiftNest */;
			targetProxy = 344515082A77F2BC0023C68D /* PBXContainerItemProxy */;
		};
/* End PBXTargetDependency section */

/* Begin XCBuildConfiguration section */
		34174CE92A7FF0E1003A41D0 /* Debug */ = {
			isa = XCBuildConfiguration;
			buildSettings = {
				ASSETCATALOG_COMPILER_GLOBAL_ACCENT_COLOR_NAME = AccentColor;
				ASSETCATALOG_COMPILER_WIDGET_BACKGROUND_COLOR_NAME = WidgetBackground;
				CODE_SIGN_STYLE = Automatic;
				CURRENT_PROJECT_VERSION = 1;
				DEVELOPMENT_TEAM = TJ87VY5Q8W;
				GENERATE_INFOPLIST_FILE = YES;
				INFOPLIST_FILE = NestWidget/Info.plist;
				INFOPLIST_KEY_CFBundleDisplayName = NestWidget;
				INFOPLIST_KEY_NSHumanReadableCopyright = "";
				IPHONEOS_DEPLOYMENT_TARGET = 18.0;
				LD_RUNPATH_SEARCH_PATHS = (
					"$(inherited)",
					"@executable_path/Frameworks",
					"@executable_path/../../Frameworks",
				);
				MARKETING_VERSION = 1.0;
				PRODUCT_BUNDLE_IDENTIFIER = dev.shoryu.SwiftNest.NestWidget;
				PRODUCT_NAME = "$(TARGET_NAME)";
				SKIP_INSTALL = YES;
				SWIFT_EMIT_LOC_STRINGS = YES;
				SWIFT_VERSION = 5.0;
				TARGETED_DEVICE_FAMILY = "1,2";
			};
			name = Debug;
		};
		34174CEA2A7FF0E1003A41D0 /* Release */ = {
			isa = XCBuildConfiguration;
			buildSettings = {
				ASSETCATALOG_COMPILER_GLOBAL_ACCENT_COLOR_NAME = AccentColor;
				ASSETCATALOG_COMPILER_WIDGET_BACKGROUND_COLOR_NAME = WidgetBackground;
				CODE_SIGN_STYLE = Automatic;
				CURRENT_PROJECT_VERSION = 1;
				DEVELOPMENT_TEAM = TJ87VY5Q8W;
				GENERATE_INFOPLIST_FILE = YES;
				INFOPLIST_FILE = NestWidget/Info.plist;
				INFOPLIST_KEY_CFBundleDisplayName = NestWidget;
				INFOPLIST_KEY_NSHumanReadableCopyright = "";
				IPHONEOS_DEPLOYMENT_TARGET = 18.0;
				LD_RUNPATH_SEARCH_PATHS = (
					"$(inherited)",
					"@executable_path/Frameworks",
					"@executable_path/../../Frameworks",
				);
				MARKETING_VERSION = 1.0;
				PRODUCT_BUNDLE_IDENTIFIER = dev.shoryu.SwiftNest.NestWidget;
				PRODUCT_NAME = "$(TARGET_NAME)";
				SKIP_INSTALL = YES;
				SWIFT_EMIT_LOC_STRINGS = YES;
				SWIFT_VERSION = 5.0;
				TARGETED_DEVICE_FAMILY = "1,2";
			};
			name = Release;
		};
		3445150F2A77F2BC0023C68D /* Debug */ = {
			isa = XCBuildConfiguration;
			buildSettings = {
				ALWAYS_SEARCH_USER_PATHS = NO;
				ASSETCATALOG_COMPILER_GENERATE_SWIFT_ASSET_SYMBOL_EXTENSIONS = YES;
				CLANG_ANALYZER_NONNULL = YES;
				CLANG_ANALYZER_NUMBER_OBJECT_CONVERSION = YES_AGGRESSIVE;
				CLANG_CXX_LANGUAGE_STANDARD = "gnu++20";
				CLANG_ENABLE_MODULES = YES;
				CLANG_ENABLE_OBJC_ARC = YES;
				CLANG_ENABLE_OBJC_WEAK = YES;
				CLANG_WARN_BLOCK_CAPTURE_AUTORELEASING = YES;
				CLANG_WARN_BOOL_CONVERSION = YES;
				CLANG_WARN_COMMA = YES;
				CLANG_WARN_CONSTANT_CONVERSION = YES;
				CLANG_WARN_DEPRECATED_OBJC_IMPLEMENTATIONS = YES;
				CLANG_WARN_DIRECT_OBJC_ISA_USAGE = YES_ERROR;
				CLANG_WARN_DOCUMENTATION_COMMENTS = YES;
				CLANG_WARN_EMPTY_BODY = YES;
				CLANG_WARN_ENUM_CONVERSION = YES;
				CLANG_WARN_INFINITE_RECURSION = YES;
				CLANG_WARN_INT_CONVERSION = YES;
				CLANG_WARN_NON_LITERAL_NULL_CONVERSION = YES;
				CLANG_WARN_OBJC_IMPLICIT_RETAIN_SELF = YES;
				CLANG_WARN_OBJC_LITERAL_CONVERSION = YES;
				CLANG_WARN_OBJC_ROOT_CLASS = YES_ERROR;
				CLANG_WARN_QUOTED_INCLUDE_IN_FRAMEWORK_HEADER = YES;
				CLANG_WARN_RANGE_LOOP_ANALYSIS = YES;
				CLANG_WARN_STRICT_PROTOTYPES = YES;
				CLANG_WARN_SUSPICIOUS_MOVE = YES;
				CLANG_WARN_UNGUARDED_AVAILABILITY = YES_AGGRESSIVE;
				CLANG_WARN_UNREACHABLE_CODE = YES;
				CLANG_WARN__DUPLICATE_METHOD_MATCH = YES;
				COPY_PHASE_STRIP = NO;
				DEBUG_INFORMATION_FORMAT = dwarf;
				ENABLE_STRICT_OBJC_MSGSEND = YES;
				ENABLE_TESTABILITY = YES;
				ENABLE_USER_SCRIPT_SANDBOXING = YES;
				GCC_C_LANGUAGE_STANDARD = gnu17;
				GCC_DYNAMIC_NO_PIC = NO;
				GCC_NO_COMMON_BLOCKS = YES;
				GCC_OPTIMIZATION_LEVEL = 0;
				GCC_PREPROCESSOR_DEFINITIONS = (
					"DEBUG=1",
					"$(inherited)",
				);
				GCC_WARN_64_TO_32_BIT_CONVERSION = YES;
				GCC_WARN_ABOUT_RETURN_TYPE = YES_ERROR;
				GCC_WARN_UNDECLARED_SELECTOR = YES;
				GCC_WARN_UNINITIALIZED_AUTOS = YES_AGGRESSIVE;
				GCC_WARN_UNUSED_FUNCTION = YES;
				GCC_WARN_UNUSED_VARIABLE = YES;
				IPHONEOS_DEPLOYMENT_TARGET = 17.0;
				LOCALIZATION_PREFERS_STRING_CATALOGS = YES;
				MTL_ENABLE_DEBUG_INFO = INCLUDE_SOURCE;
				MTL_FAST_MATH = YES;
				ONLY_ACTIVE_ARCH = YES;
				SDKROOT = iphoneos;
				SWIFT_ACTIVE_COMPILATION_CONDITIONS = "DEBUG $(inherited)";
				SWIFT_OPTIMIZATION_LEVEL = "-Onone";
			};
			name = Debug;
		};
		344515102A77F2BC0023C68D /* Release */ = {
			isa = XCBuildConfiguration;
			buildSettings = {
				ALWAYS_SEARCH_USER_PATHS = NO;
				ASSETCATALOG_COMPILER_GENERATE_SWIFT_ASSET_SYMBOL_EXTENSIONS = YES;
				CLANG_ANALYZER_NONNULL = YES;
				CLANG_ANALYZER_NUMBER_OBJECT_CONVERSION = YES_AGGRESSIVE;
				CLANG_CXX_LANGUAGE_STANDARD = "gnu++20";
				CLANG_ENABLE_MODULES = YES;
				CLANG_ENABLE_OBJC_ARC = YES;
				CLANG_ENABLE_OBJC_WEAK = YES;
				CLANG_WARN_BLOCK_CAPTURE_AUTORELEASING = YES;
				CLANG_WARN_BOOL_CONVERSION = YES;
				CLANG_WARN_COMMA = YES;
				CLANG_WARN_CONSTANT_CONVERSION = YES;
				CLANG_WARN_DEPRECATED_OBJC_IMPLEMENTATIONS = YES;
				CLANG_WARN_DIRECT_OBJC_ISA_USAGE = YES_ERROR;
				CLANG_WARN_DOCUMENTATION_COMMENTS = YES;
				CLANG_WARN_EMPTY_BODY = YES;
				CLANG_WARN_ENUM_CONVERSION = YES;
				CLANG_WARN_INFINITE_RECURSION = YES;
				CLANG_WARN_INT_CONVERSION = YES;
				CLANG_WARN_NON_LITERAL_NULL_CONVERSION = YES;
				CLANG_WARN_OBJC_IMPLICIT_RETAIN_SELF = YES;
				CLANG_WARN_OBJC_LITERAL_CONVERSION = YES;
				CLANG_WARN_OBJC_ROOT_CLASS = YES_ERROR;
				CLANG_WARN_QUOTED_INCLUDE_IN_FRAMEWORK_HEADER = YES;
				CLANG_WARN_RANGE_LOOP_ANALYSIS = YES;
				CLANG_WARN_STRICT_PROTOTYPES = YES;
				CLANG_WARN_SUSPICIOUS_MOVE = YES;
				CLANG_WARN_UNGUARDED_AVAILABILITY = YES_AGGRESSIVE;
				CLANG_WARN_UNREACHABLE_CODE = YES;
				CLANG_WARN__DUPLICATE_METHOD_MATCH = YES;
				COPY_PHASE_STRIP = NO;
				DEBUG_INFORMATION_FORMAT = "dwarf-with-dsym";
				ENABLE_NS_ASSERTIONS = NO;
				ENABLE_STRICT_OBJC_MSGSEND = YES;
				ENABLE_USER_SCRIPT_SANDBOXING = YES;
				GCC_C_LANGUAGE_STANDARD = gnu17;
				GCC_NO_COMMON_BLOCKS = YES;
				GCC_WARN_64_TO_32_BIT_CONVERSION = YES;
				GCC_WARN_ABOUT_RETURN_TYPE = YES_ERROR;
				GCC_WARN_UNDECLARED_SELECTOR = YES;
				GCC_WARN_UNINITIALIZED_AUTOS = YES_AGGRESSIVE;
				GCC_WARN_UNUSED_FUNCTION = YES;
				GCC_WARN_UNUSED_VARIABLE = YES;
				IPHONEOS_DEPLOYMENT_TARGET = 17.0;
				LOCALIZATION_PREFERS_STRING_CATALOGS = YES;
				MTL_ENABLE_DEBUG_INFO = NO;
				MTL_FAST_MATH = YES;
				SDKROOT = iphoneos;
				SWIFT_COMPILATION_MODE = wholemodule;
				VALIDATE_PRODUCT = YES;
			};
			name = Release;
		};
		344515122A77F2BC0023C68D /* Debug */ = {
			isa = XCBuildConfiguration;
			buildSettings = {
				ALWAYS_EMBED_SWIFT_STANDARD_LIBRARIES = YES;
				ASSETCATALOG_COMPILER_APPICON_NAME = AppIcon;
				ASSETCATALOG_COMPILER_GLOBAL_ACCENT_COLOR_NAME = AccentColor;
				CODE_SIGN_STYLE = Automatic;
				CURRENT_PROJECT_VERSION = 1;
				DEVELOPMENT_ASSET_PATHS = "\"SwiftNest/Preview Content\"";
				DEVELOPMENT_TEAM = TJ87VY5Q8W;
				ENABLE_PREVIEWS = YES;
				GENERATE_INFOPLIST_FILE = YES;
				INFOPLIST_FILE = SwiftNest/Info.plist;
				INFOPLIST_KEY_UIApplicationSupportsIndirectInputEvents = YES;
				INFOPLIST_KEY_UILaunchScreen_Generation = YES;
				INFOPLIST_KEY_UISupportedInterfaceOrientations_iPad = "UIInterfaceOrientationPortrait UIInterfaceOrientationPortraitUpsideDown UIInterfaceOrientationLandscapeLeft UIInterfaceOrientationLandscapeRight";
				INFOPLIST_KEY_UISupportedInterfaceOrientations_iPhone = "UIInterfaceOrientationPortrait UIInterfaceOrientationLandscapeLeft UIInterfaceOrientationLandscapeRight";
				IPHONEOS_DEPLOYMENT_TARGET = 18.0;
				LD_RUNPATH_SEARCH_PATHS = (
					"$(inherited)",
					"@executable_path/Frameworks",
				);
				MARKETING_VERSION = 1.0;
				PRODUCT_BUNDLE_IDENTIFIER = dev.shoryu.SwiftNest;
				PRODUCT_NAME = "$(TARGET_NAME)";
				SWIFT_EMIT_LOC_STRINGS = YES;
				SWIFT_VERSION = 5.0;
				TARGETED_DEVICE_FAMILY = "1,2";
			};
			name = Debug;
		};
		344515132A77F2BC0023C68D /* Release */ = {
			isa = XCBuildConfiguration;
			buildSettings = {
				ALWAYS_EMBED_SWIFT_STANDARD_LIBRARIES = YES;
				ASSETCATALOG_COMPILER_APPICON_NAME = AppIcon;
				ASSETCATALOG_COMPILER_GLOBAL_ACCENT_COLOR_NAME = AccentColor;
				CODE_SIGN_STYLE = Automatic;
				CURRENT_PROJECT_VERSION = 1;
				DEVELOPMENT_ASSET_PATHS = "\"SwiftNest/Preview Content\"";
				DEVELOPMENT_TEAM = TJ87VY5Q8W;
				ENABLE_PREVIEWS = YES;
				GENERATE_INFOPLIST_FILE = YES;
				INFOPLIST_FILE = SwiftNest/Info.plist;
				INFOPLIST_KEY_UIApplicationSupportsIndirectInputEvents = YES;
				INFOPLIST_KEY_UILaunchScreen_Generation = YES;
				INFOPLIST_KEY_UISupportedInterfaceOrientations_iPad = "UIInterfaceOrientationPortrait UIInterfaceOrientationPortraitUpsideDown UIInterfaceOrientationLandscapeLeft UIInterfaceOrientationLandscapeRight";
				INFOPLIST_KEY_UISupportedInterfaceOrientations_iPhone = "UIInterfaceOrientationPortrait UIInterfaceOrientationLandscapeLeft UIInterfaceOrientationLandscapeRight";
				IPHONEOS_DEPLOYMENT_TARGET = 18.0;
				LD_RUNPATH_SEARCH_PATHS = (
					"$(inherited)",
					"@executable_path/Frameworks",
				);
				MARKETING_VERSION = 1.0;
				PRODUCT_BUNDLE_IDENTIFIER = dev.shoryu.SwiftNest;
				PRODUCT_NAME = "$(TARGET_NAME)";
				SWIFT_EMIT_LOC_STRINGS = YES;
				SWIFT_VERSION = 5.0;
				TARGETED_DEVICE_FAMILY = "1,2";
			};
			name = Release;
		};
		344515152A77F2BC0023C68D /* Debug */ = {
			isa = XCBuildConfiguration;
			buildSettings = {
				ALWAYS_EMBED_SWIFT_STANDARD_LIBRARIES = YES;
				BUNDLE_LOADER = "$(TEST_HOST)";
				CODE_SIGN_STYLE = Automatic;
				CURRENT_PROJECT_VERSION = 1;
				DEVELOPMENT_TEAM = TJ87VY5Q8W;
				GENERATE_INFOPLIST_FILE = YES;
				IPHONEOS_DEPLOYMENT_TARGET = 17.0;
				MARKETING_VERSION = 1.0;
				PRODUCT_BUNDLE_IDENTIFIER = dev.shoryu.SwiftNestTests;
				PRODUCT_NAME = "$(TARGET_NAME)";
				SWIFT_EMIT_LOC_STRINGS = NO;
				SWIFT_VERSION = 5.0;
				TARGETED_DEVICE_FAMILY = "1,2";
				TEST_HOST = "$(BUILT_PRODUCTS_DIR)/SwiftNest.app/$(BUNDLE_EXECUTABLE_FOLDER_PATH)/SwiftNest";
			};
			name = Debug;
		};
		344515162A77F2BC0023C68D /* Release */ = {
			isa = XCBuildConfiguration;
			buildSettings = {
				ALWAYS_EMBED_SWIFT_STANDARD_LIBRARIES = YES;
				BUNDLE_LOADER = "$(TEST_HOST)";
				CODE_SIGN_STYLE = Automatic;
				CURRENT_PROJECT_VERSION = 1;
				DEVELOPMENT_TEAM = TJ87VY5Q8W;
				GENERATE_INFOPLIST_FILE = YES;
				IPHONEOS_DEPLOYMENT_TARGET = 17.0;
				MARKETING_VERSION = 1.0;
				PRODUCT_BUNDLE_IDENTIFIER = dev.shoryu.SwiftNestTests;
				PRODUCT_NAME = "$(TARGET_NAME)";
				SWIFT_EMIT_LOC_STRINGS = NO;
				SWIFT_VERSION = 5.0;
				TARGETED_DEVICE_FAMILY = "1,2";
				TEST_HOST = "$(BUILT_PRODUCTS_DIR)/SwiftNest.app/$(BUNDLE_EXECUTABLE_FOLDER_PATH)/SwiftNest";
			};
			name = Release;
		};
		344515182A77F2BC0023C68D /* Debug */ = {
			isa = XCBuildConfiguration;
			buildSettings = {
				ALWAYS_EMBED_SWIFT_STANDARD_LIBRARIES = YES;
				CODE_SIGN_STYLE = Automatic;
				CURRENT_PROJECT_VERSION = 1;
				DEVELOPMENT_TEAM = TJ87VY5Q8W;
				GENERATE_INFOPLIST_FILE = YES;
				MARKETING_VERSION = 1.0;
				PRODUCT_BUNDLE_IDENTIFIER = dev.shoryu.SwiftNestUITests;
				PRODUCT_NAME = "$(TARGET_NAME)";
				SWIFT_EMIT_LOC_STRINGS = NO;
				SWIFT_VERSION = 5.0;
				TARGETED_DEVICE_FAMILY = "1,2";
				TEST_TARGET_NAME = SwiftNest;
			};
			name = Debug;
		};
		344515192A77F2BC0023C68D /* Release */ = {
			isa = XCBuildConfiguration;
			buildSettings = {
				ALWAYS_EMBED_SWIFT_STANDARD_LIBRARIES = YES;
				CODE_SIGN_STYLE = Automatic;
				CURRENT_PROJECT_VERSION = 1;
				DEVELOPMENT_TEAM = TJ87VY5Q8W;
				GENERATE_INFOPLIST_FILE = YES;
				MARKETING_VERSION = 1.0;
				PRODUCT_BUNDLE_IDENTIFIER = dev.shoryu.SwiftNestUITests;
				PRODUCT_NAME = "$(TARGET_NAME)";
				SWIFT_EMIT_LOC_STRINGS = NO;
				SWIFT_VERSION = 5.0;
				TARGETED_DEVICE_FAMILY = "1,2";
				TEST_TARGET_NAME = SwiftNest;
			};
			name = Release;
		};
/* End XCBuildConfiguration section */

/* Begin XCConfigurationList section */
		34174CEB2A7FF0E1003A41D0 /* Build configuration list for PBXNativeTarget "NestWidgetExtension" */ = {
			isa = XCConfigurationList;
			buildConfigurations = (
				34174CE92A7FF0E1003A41D0 /* Debug */,
				34174CEA2A7FF0E1003A41D0 /* Release */,
			);
			defaultConfigurationIsVisible = 0;
			defaultConfigurationName = Release;
		};
		344514E82A77F2B90023C68D /* Build configuration list for PBXProject "SwiftNest" */ = {
			isa = XCConfigurationList;
			buildConfigurations = (
				3445150F2A77F2BC0023C68D /* Debug */,
				344515102A77F2BC0023C68D /* Release */,
			);
			defaultConfigurationIsVisible = 0;
			defaultConfigurationName = Release;
		};
		344515112A77F2BC0023C68D /* Build configuration list for PBXNativeTarget "SwiftNest" */ = {
			isa = XCConfigurationList;
			buildConfigurations = (
				344515122A77F2BC0023C68D /* Debug */,
				344515132A77F2BC0023C68D /* Release */,
			);
			defaultConfigurationIsVisible = 0;
			defaultConfigurationName = Release;
		};
		344515142A77F2BC0023C68D /* Build configuration list for PBXNativeTarget "SwiftNestTests" */ = {
			isa = XCConfigurationList;
			buildConfigurations = (
				344515152A77F2BC0023C68D /* Debug */,
				344515162A77F2BC0023C68D /* Release */,
			);
			defaultConfigurationIsVisible = 0;
			defaultConfigurationName = Release;
		};
		344515172A77F2BC0023C68D /* Build configuration list for PBXNativeTarget "SwiftNestUITests" */ = {
			isa = XCConfigurationList;
			buildConfigurations = (
				344515182A77F2BC0023C68D /* Debug */,
				344515192A77F2BC0023C68D /* Release */,
			);
			defaultConfigurationIsVisible = 0;
			defaultConfigurationName = Release;
		};
/* End XCConfigurationList section */

/* Begin XCSwiftPackageProductDependency section */
		34174CB72A7FEE81003A41D0 /* Nest */ = {
			isa = XCSwiftPackageProductDependency;
			productName = Nest;
		};
		34916A8A2AB18C620054F78A /* WidgetSource */ = {
			isa = XCSwiftPackageProductDependency;
			productName = WidgetSource;
		};
/* End XCSwiftPackageProductDependency section */
	};
	rootObject = 344514E52A77F2B90023C68D /* Project object */;
}
